
Microsoft Visual Studio Solution File, Format Version 12.00
# Visual Studio Version 17
VisualStudioVersion = 17.6.33815.320
MinimumVisualStudioVersion = 10.0.40219.1
Project("{FAE04EC0-301F-11D3-BF4B-00C04F79EFBC}") = "WebApplication1", "WebApplication1.csproj", "{7D5CDA94-9C71-477F-9D9E-C553D355D812}"
EndProject
Project("{FAE04EC0-301F-11D3-BF4B-00C04F79EFBC}") = "EntityLayer", "..\ClassLibrary1\EntityLayer.csproj", "{9ECF8981-7EB1-45E6-A21A-10D8B2572A0E}"
EndProject
Project("{FAE04EC0-301F-11D3-BF4B-00C04F79EFBC}") = "DataAccessLayer", "..\DataAccessLayer\DataAccessLayer.csproj", "{8D44E40C-AB90-46D7-A335-35AFC8E80E79}"
EndProject
Project("{FAE04EC0-301F-11D3-BF4B-00C04F79EFBC}") = "BusinessLayer", "..\BusinessLayer\BusinessLayer.csproj", "{0B42958E-E725-4729-A416-D78D92F59699}"
EndProject
Global
	GlobalSection(SolutionConfigurationPlatforms) = preSolution
		Debug|Any CPU = Debug|Any CPU
		Release|Any CPU = Release|Any CPU
	EndGlobalSection
	GlobalSection(ProjectConfigurationPlatforms) = postSolution
		{7D5CDA94-9C71-477F-9D9E-C553D355D812}.Debug|Any CPU.ActiveCfg = Debug|Any CPU
		{7D5CDA94-9C71-477F-9D9E-C553D355D812}.Debug|Any CPU.Build.0 = Debug|Any CPU
		{7D5CDA94-9C71-477F-9D9E-C553D355D812}.Release|Any CPU.ActiveCfg = Release|Any CPU
		{7D5CDA94-9C71-477F-9D9E-C553D355D812}.Release|Any CPU.Build.0 = Release|Any CPU
		{9ECF8981-7EB1-45E6-A21A-10D8B2572A0E}.Debug|Any CPU.ActiveCfg = Debug|Any CPU
		{9ECF8981-7EB1-45E6-A21A-10D8B2572A0E}.Debug|Any CPU.Build.0 = Debug|Any CPU
		{9ECF8981-7EB1-45E6-A21A-10D8B2572A0E}.Release|Any CPU.ActiveCfg = Release|Any CPU
		{9ECF8981-7EB1-45E6-A21A-10D8B2572A0E}.Release|Any CPU.Build.0 = Release|Any CPU
		{8D44E40C-AB90-46D7-A335-35AFC8E80E79}.Debug|Any CPU.ActiveCfg = Debug|Any CPU
		{8D44E40C-AB90-46D7-A335-35AFC8E80E79}.Debug|Any CPU.Build.0 = Debug|Any CPU
		{8D44E40C-AB90-46D7-A335-35AFC8E80E79}.Release|Any CPU.ActiveCfg = Release|Any CPU
		{8D44E40C-AB90-46D7-A335-35AFC8E80E79}.Release|Any CPU.Build.0 = Release|Any CPU
		{0B42958E-E725-4729-A416-D78D92F59699}.Debug|Any CPU.ActiveCfg = Debug|Any CPU
		{0B42958E-E725-4729-A416-D78D92F59699}.Debug|Any CPU.Build.0 = Debug|Any CPU
		{0B42958E-E725-4729-A416-D78D92F59699}.Release|Any CPU.ActiveCfg = Release|Any CPU
		{0B42958E-E725-4729-A416-D78D92F59699}.Release|Any CPU.Build.0 = Release|Any CPU
	EndGlobalSection
	GlobalSection(SolutionProperties) = preSolution
		HideSolutionNode = FALSE
	EndGlobalSection
	GlobalSection(ExtensibilityGlobals) = postSolution
		SolutionGuid = {C0B9BFAC-1BEE-47F9-B357-CF20133BB54B}
	EndGlobalSection
EndGlobal
